
Microsoft Visual Studio Solution File, Format Version 12.00
# Visual Studio 15
VisualStudioVersion = 15.0.28010.2048
MinimumVisualStudioVersion = 10.0.40219.1
Project("{FAE04EC0-301F-11D3-BF4B-00C04F79EFBC}") = "RomanceTweaks", "RomanceTweaks.csproj", "{4811FA41-AFB2-4DC0-B7CB-8CDF4945959B}"
EndProject
Global
	GlobalSection(SolutionConfigurationPlatforms) = preSolution
		Debug|Any CPU = Debug|Any CPU
		Release|Any CPU = Release|Any CPU
	EndGlobalSection
	GlobalSection(ProjectConfigurationPlatforms) = postSolution
		{4811FA41-AFB2-4DC0-B7CB-8CDF4945959B}.Debug|Any CPU.ActiveCfg = Debug|Any CPU
		{4811FA41-AFB2-4DC0-B7CB-8CDF4945959B}.Debug|Any CPU.Build.0 = Debug|Any CPU
		{4811FA41-AFB2-4DC0-B7CB-8CDF4945959B}.Release|Any CPU.ActiveCfg = Release|Any CPU
		{4811FA41-AFB2-4DC0-B7CB-8CDF4945959B}.Release|Any CPU.Build.0 = Release|Any CPU
	EndGlobalSection
	GlobalSection(SolutionProperties) = preSolution
		HideSolutionNode = FALSE
	EndGlobalSection
	GlobalSection(ExtensibilityGlobals) = postSolution
		SolutionGuid = {12A439D2-E063-42A4-A349-581A83FE619F}
	EndGlobalSection
EndGlobal
